
Microsoft Visual Studio Solution File, Format Version 12.00
# Visual Studio 15
VisualStudioVersion = 15.0.27130.2027
MinimumVisualStudioVersion = 10.0.40219.1
Project("{FAE04EC0-301F-11D3-BF4B-00C04F79EFBC}") = "LibraryCards", "Library Cards\LibraryCards.csproj", "{0F133BA2-A0C8-4E49-8BC1-12694AF7A61A}"
EndProject
Project("{FAE04EC0-301F-11D3-BF4B-00C04F79EFBC}") = "ConsoleLoader", "ConsoleLoader\ConsoleLoader.csproj", "{B9168678-C311-4D78-82A6-4A42613ABC68}"
EndProject
Global
	GlobalSection(SolutionConfigurationPlatforms) = preSolution
		Debug|Any CPU = Debug|Any CPU
		Release|Any CPU = Release|Any CPU
	EndGlobalSection
	GlobalSection(ProjectConfigurationPlatforms) = postSolution
		{0F133BA2-A0C8-4E49-8BC1-12694AF7A61A}.Debug|Any CPU.ActiveCfg = Debug|Any CPU
		{0F133BA2-A0C8-4E49-8BC1-12694AF7A61A}.Debug|Any CPU.Build.0 = Debug|Any CPU
		{0F133BA2-A0C8-4E49-8BC1-12694AF7A61A}.Release|Any CPU.ActiveCfg = Release|Any CPU
		{0F133BA2-A0C8-4E49-8BC1-12694AF7A61A}.Release|Any CPU.Build.0 = Release|Any CPU
		{B9168678-C311-4D78-82A6-4A42613ABC68}.Debug|Any CPU.ActiveCfg = Debug|Any CPU
		{B9168678-C311-4D78-82A6-4A42613ABC68}.Debug|Any CPU.Build.0 = Debug|Any CPU
		{B9168678-C311-4D78-82A6-4A42613ABC68}.Release|Any CPU.ActiveCfg = Release|Any CPU
		{B9168678-C311-4D78-82A6-4A42613ABC68}.Release|Any CPU.Build.0 = Release|Any CPU
	EndGlobalSection
	GlobalSection(SolutionProperties) = preSolution
		HideSolutionNode = FALSE
	EndGlobalSection
	GlobalSection(ExtensibilityGlobals) = postSolution
		SolutionGuid = {2E41406A-4DF2-41CF-95DF-8BB3E041D0E7}
	EndGlobalSection
EndGlobal
